
Microsoft Visual Studio Solution File, Format Version 12.00
# Visual Studio Version 17
VisualStudioVersion = 17.3.32825.248
MinimumVisualStudioVersion = 10.0.40219.1
Project("{FAE04EC0-301F-11D3-BF4B-00C04F79EFBC}") = "Lab_2", "Lab_2.csproj", "{52C95B09-52DA-4D6F-AB1B-ECAB87B25822}"
EndProject
Global
	GlobalSection(SolutionConfigurationPlatforms) = preSolution
		Debug|Any CPU = Debug|Any CPU
		Release|Any CPU = Release|Any CPU
	EndGlobalSection
	GlobalSection(ProjectConfigurationPlatforms) = postSolution
		{52C95B09-52DA-4D6F-AB1B-ECAB87B25822}.Debug|Any CPU.ActiveCfg = Debug|Any CPU
		{52C95B09-52DA-4D6F-AB1B-ECAB87B25822}.Debug|Any CPU.Build.0 = Debug|Any CPU
		{52C95B09-52DA-4D6F-AB1B-ECAB87B25822}.Release|Any CPU.ActiveCfg = Release|Any CPU
		{52C95B09-52DA-4D6F-AB1B-ECAB87B25822}.Release|Any CPU.Build.0 = Release|Any CPU
	EndGlobalSection
	GlobalSection(SolutionProperties) = preSolution
		HideSolutionNode = FALSE
	EndGlobalSection
	GlobalSection(ExtensibilityGlobals) = postSolution
		SolutionGuid = {BA4C3620-2801-480D-ADCB-8C6FC5906564}
	EndGlobalSection
EndGlobal
